
Microsoft Visual Studio Solution File, Format Version 12.00
# Visual Studio Version 16
VisualStudioVersion = 16.0.32002.261
MinimumVisualStudioVersion = 10.0.40219.1
Project("{9A19103F-16F7-4668-BE54-9A1E7A4F7556}") = "Catalog.API", "Services\Catalog\Catalog.API\Catalog.API.csproj", "{BAAAA92E-9EA6-444F-AF73-98929417A851}"
EndProject
Project("{2150E333-8FDC-42A3-9474-1A3956D46DE8}") = "Services", "Services", "{A2F15DA6-716E-453A-BC78-86D4B5BA6289}"
EndProject
Project("{2150E333-8FDC-42A3-9474-1A3956D46DE8}") = "Catalog", "Catalog", "{7503DEDE-8207-4E39-ADD7-FE11EBA46D98}"
EndProject
Global
	GlobalSection(SolutionConfigurationPlatforms) = preSolution
		Debug|Any CPU = Debug|Any CPU
		Release|Any CPU = Release|Any CPU
	EndGlobalSection
	GlobalSection(ProjectConfigurationPlatforms) = postSolution
		{BAAAA92E-9EA6-444F-AF73-98929417A851}.Debug|Any CPU.ActiveCfg = Debug|Any CPU
		{BAAAA92E-9EA6-444F-AF73-98929417A851}.Debug|Any CPU.Build.0 = Debug|Any CPU
		{BAAAA92E-9EA6-444F-AF73-98929417A851}.Release|Any CPU.ActiveCfg = Release|Any CPU
		{BAAAA92E-9EA6-444F-AF73-98929417A851}.Release|Any CPU.Build.0 = Release|Any CPU
	EndGlobalSection
	GlobalSection(SolutionProperties) = preSolution
		HideSolutionNode = FALSE
	EndGlobalSection
	GlobalSection(NestedProjects) = preSolution
		{BAAAA92E-9EA6-444F-AF73-98929417A851} = {7503DEDE-8207-4E39-ADD7-FE11EBA46D98}
		{7503DEDE-8207-4E39-ADD7-FE11EBA46D98} = {A2F15DA6-716E-453A-BC78-86D4B5BA6289}
	EndGlobalSection
	GlobalSection(ExtensibilityGlobals) = postSolution
		SolutionGuid = {5D30090A-76C0-44DE-BEE5-B80AC9E77626}
	EndGlobalSection
EndGlobal
